
Microsoft Visual Studio Solution File, Format Version 12.00
# Visual Studio Version 17
VisualStudioVersion = 17.10.35013.160
MinimumVisualStudioVersion = 10.0.40219.1
Project("{9A19103F-16F7-4668-BE54-9A1E7A4F7556}") = "WebApi", "WebApi\WebApi.csproj", "{AD7F2DFB-85E9-4D5E-8149-77E23F90848F}"
EndProject
Project("{FAE04EC0-301F-11D3-BF4B-00C04F79EFBC}") = "Entities", "Entities\Entities.csproj", "{19251DE0-12AF-4768-B7FD-D794BB8ABF30}"
EndProject
Project("{FAE04EC0-301F-11D3-BF4B-00C04F79EFBC}") = "DataAccess", "DataAccess\DataAccess.csproj", "{CA32B242-36C8-4A99-BF9A-F20C9B024258}"
EndProject
Project("{FAE04EC0-301F-11D3-BF4B-00C04F79EFBC}") = "Core", "Core\Core.csproj", "{12E02908-C8E1-47A3-9347-DBFEF9919583}"
EndProject
Project("{FAE04EC0-301F-11D3-BF4B-00C04F79EFBC}") = "Business", "Business\Business.csproj", "{376C97E5-9129-4AA8-AE60-239EE415D3B6}"
EndProject
Global
	GlobalSection(SolutionConfigurationPlatforms) = preSolution
		Debug|Any CPU = Debug|Any CPU
		Release|Any CPU = Release|Any CPU
	EndGlobalSection
	GlobalSection(ProjectConfigurationPlatforms) = postSolution
		{AD7F2DFB-85E9-4D5E-8149-77E23F90848F}.Debug|Any CPU.ActiveCfg = Debug|Any CPU
		{AD7F2DFB-85E9-4D5E-8149-77E23F90848F}.Debug|Any CPU.Build.0 = Debug|Any CPU
		{AD7F2DFB-85E9-4D5E-8149-77E23F90848F}.Release|Any CPU.ActiveCfg = Release|Any CPU
		{AD7F2DFB-85E9-4D5E-8149-77E23F90848F}.Release|Any CPU.Build.0 = Release|Any CPU
		{19251DE0-12AF-4768-B7FD-D794BB8ABF30}.Debug|Any CPU.ActiveCfg = Debug|Any CPU
		{19251DE0-12AF-4768-B7FD-D794BB8ABF30}.Debug|Any CPU.Build.0 = Debug|Any CPU
		{19251DE0-12AF-4768-B7FD-D794BB8ABF30}.Release|Any CPU.ActiveCfg = Release|Any CPU
		{19251DE0-12AF-4768-B7FD-D794BB8ABF30}.Release|Any CPU.Build.0 = Release|Any CPU
		{CA32B242-36C8-4A99-BF9A-F20C9B024258}.Debug|Any CPU.ActiveCfg = Debug|Any CPU
		{CA32B242-36C8-4A99-BF9A-F20C9B024258}.Debug|Any CPU.Build.0 = Debug|Any CPU
		{CA32B242-36C8-4A99-BF9A-F20C9B024258}.Release|Any CPU.ActiveCfg = Release|Any CPU
		{CA32B242-36C8-4A99-BF9A-F20C9B024258}.Release|Any CPU.Build.0 = Release|Any CPU
		{12E02908-C8E1-47A3-9347-DBFEF9919583}.Debug|Any CPU.ActiveCfg = Debug|Any CPU
		{12E02908-C8E1-47A3-9347-DBFEF9919583}.Debug|Any CPU.Build.0 = Debug|Any CPU
		{12E02908-C8E1-47A3-9347-DBFEF9919583}.Release|Any CPU.ActiveCfg = Release|Any CPU
		{12E02908-C8E1-47A3-9347-DBFEF9919583}.Release|Any CPU.Build.0 = Release|Any CPU
		{376C97E5-9129-4AA8-AE60-239EE415D3B6}.Debug|Any CPU.ActiveCfg = Debug|Any CPU
		{376C97E5-9129-4AA8-AE60-239EE415D3B6}.Debug|Any CPU.Build.0 = Debug|Any CPU
		{376C97E5-9129-4AA8-AE60-239EE415D3B6}.Release|Any CPU.ActiveCfg = Release|Any CPU
		{376C97E5-9129-4AA8-AE60-239EE415D3B6}.Release|Any CPU.Build.0 = Release|Any CPU
	EndGlobalSection
	GlobalSection(SolutionProperties) = preSolution
		HideSolutionNode = FALSE
	EndGlobalSection
	GlobalSection(ExtensibilityGlobals) = postSolution
		SolutionGuid = {4BEB17DD-7193-4E45-A534-F0AF55BEEA6D}
	EndGlobalSection
EndGlobal
